
Microsoft Visual Studio Solution File, Format Version 12.00
# Visual Studio 15
VisualStudioVersion = 15.0.28307.572
MinimumVisualStudioVersion = 10.0.40219.1
Project("{FAE04EC0-301F-11D3-BF4B-00C04F79EFBC}") = "TrainingDiary", "TrainingDiary\TrainingDiary.csproj", "{1317B093-9FB6-4E9F-9651-FA2724878A6E}"
EndProject
Global
	GlobalSection(SolutionConfigurationPlatforms) = preSolution
		Debug|Any CPU = Debug|Any CPU
		Release|Any CPU = Release|Any CPU
	EndGlobalSection
	GlobalSection(ProjectConfigurationPlatforms) = postSolution
		{1317B093-9FB6-4E9F-9651-FA2724878A6E}.Debug|Any CPU.ActiveCfg = Debug|Any CPU
		{1317B093-9FB6-4E9F-9651-FA2724878A6E}.Debug|Any CPU.Build.0 = Debug|Any CPU
		{1317B093-9FB6-4E9F-9651-FA2724878A6E}.Release|Any CPU.ActiveCfg = Release|Any CPU
		{1317B093-9FB6-4E9F-9651-FA2724878A6E}.Release|Any CPU.Build.0 = Release|Any CPU
	EndGlobalSection
	GlobalSection(SolutionProperties) = preSolution
		HideSolutionNode = FALSE
	EndGlobalSection
	GlobalSection(ExtensibilityGlobals) = postSolution
		SolutionGuid = {F733D7F9-C5EC-4EDD-8CC3-4AF35AD89EE9}
	EndGlobalSection
EndGlobal
